
Microsoft Visual Studio Solution File, Format Version 12.00
# Visual Studio Version 17
VisualStudioVersion = 17.10.34928.147
MinimumVisualStudioVersion = 10.0.40219.1
Project("{FAE04EC0-301F-11D3-BF4B-00C04F79EFBC}") = "Jogo da Forca", "Jogo da Forca.csproj", "{A17206A8-489D-4DBC-ABFD-18D96D278034}"
EndProject
Global
	GlobalSection(SolutionConfigurationPlatforms) = preSolution
		Debug|Any CPU = Debug|Any CPU
		Release|Any CPU = Release|Any CPU
	EndGlobalSection
	GlobalSection(ProjectConfigurationPlatforms) = postSolution
		{A17206A8-489D-4DBC-ABFD-18D96D278034}.Debug|Any CPU.ActiveCfg = Debug|Any CPU
		{A17206A8-489D-4DBC-ABFD-18D96D278034}.Debug|Any CPU.Build.0 = Debug|Any CPU
		{A17206A8-489D-4DBC-ABFD-18D96D278034}.Release|Any CPU.ActiveCfg = Release|Any CPU
		{A17206A8-489D-4DBC-ABFD-18D96D278034}.Release|Any CPU.Build.0 = Release|Any CPU
	EndGlobalSection
	GlobalSection(SolutionProperties) = preSolution
		HideSolutionNode = FALSE
	EndGlobalSection
	GlobalSection(ExtensibilityGlobals) = postSolution
		SolutionGuid = {D841B271-BB32-4FA7-BC96-CCDC1443B6A5}
	EndGlobalSection
EndGlobal
